
Microsoft Visual Studio Solution File, Format Version 12.00
# Visual Studio Version 17
VisualStudioVersion = 17.7.34031.279
MinimumVisualStudioVersion = 10.0.40219.1
Project("{FAE04EC0-301F-11D3-BF4B-00C04F79EFBC}") = "ProyectoClinicaDental", "ProyectoClinicaDental\ProyectoClinicaDental.csproj", "{CCF510B5-5F97-4B86-817A-BD58D67BEA25}"
EndProject
Global
	GlobalSection(SolutionConfigurationPlatforms) = preSolution
		Debug|Any CPU = Debug|Any CPU
		Release|Any CPU = Release|Any CPU
	EndGlobalSection
	GlobalSection(ProjectConfigurationPlatforms) = postSolution
		{CCF510B5-5F97-4B86-817A-BD58D67BEA25}.Debug|Any CPU.ActiveCfg = Debug|Any CPU
		{CCF510B5-5F97-4B86-817A-BD58D67BEA25}.Debug|Any CPU.Build.0 = Debug|Any CPU
		{CCF510B5-5F97-4B86-817A-BD58D67BEA25}.Release|Any CPU.ActiveCfg = Release|Any CPU
		{CCF510B5-5F97-4B86-817A-BD58D67BEA25}.Release|Any CPU.Build.0 = Release|Any CPU
	EndGlobalSection
	GlobalSection(SolutionProperties) = preSolution
		HideSolutionNode = FALSE
	EndGlobalSection
	GlobalSection(ExtensibilityGlobals) = postSolution
		SolutionGuid = {957771F0-7A00-46D7-AEDB-8B17D7BFEC13}
	EndGlobalSection
EndGlobal
